{
  "name": "@ludiars/revisor",
  "version": "0.8.0",
  "lockfileVersion": 3,
  "requires": true,
  "packages": {
    "": {
      "name": "@ludiars/revisor",
      "version": "0.8.0",
      "license": "MIT",
      "dependencies": {
        "@ludiars/one-shot": "file:lib/lapilli/packages/one-shot"
      },
      "bin": {
        "dw": "src/cli.mjs",
        "revisor": "src/cli.mjs"
      },
      "engines": {
        "node": ">=22.12.0"
      }
    },
    "lib/lapilli/packages/one-shot": {
      "name": "@ludiars/one-shot",
      "version": "0.1.0",
      "license": "MIT",
      "bin": {
        "ludiars-one-shot": "src/cli.js"
      },
      "engines": {
        "node": ">=22.12.0"
      }
    },
    "node_modules/@ludiars/one-shot": {
      "resolved": "lib/lapilli/packages/one-shot",
      "link": true
    }
  }
}
